
Microsoft Visual Studio Solution File, Format Version 12.00
# Visual Studio Version 17
VisualStudioVersion = 17.4.33213.308
MinimumVisualStudioVersion = 10.0.40219.1
Project("{FAE04EC0-301F-11D3-BF4B-00C04F79EFBC}") = "Parcial3_Diego_Alexander_Valencia_Calderon", "Parcial3_Diego_Alexander_Valencia_Calderon\Parcial3_Diego_Alexander_Valencia_Calderon.csproj", "{2248AEEF-81A1-4990-A383-605715B7CC2F}"
EndProject
Global
	GlobalSection(SolutionConfigurationPlatforms) = preSolution
		Debug|Any CPU = Debug|Any CPU
		Release|Any CPU = Release|Any CPU
	EndGlobalSection
	GlobalSection(ProjectConfigurationPlatforms) = postSolution
		{2248AEEF-81A1-4990-A383-605715B7CC2F}.Debug|Any CPU.ActiveCfg = Debug|Any CPU
		{2248AEEF-81A1-4990-A383-605715B7CC2F}.Debug|Any CPU.Build.0 = Debug|Any CPU
		{2248AEEF-81A1-4990-A383-605715B7CC2F}.Release|Any CPU.ActiveCfg = Release|Any CPU
		{2248AEEF-81A1-4990-A383-605715B7CC2F}.Release|Any CPU.Build.0 = Release|Any CPU
	EndGlobalSection
	GlobalSection(SolutionProperties) = preSolution
		HideSolutionNode = FALSE
	EndGlobalSection
	GlobalSection(ExtensibilityGlobals) = postSolution
		SolutionGuid = {476B92CA-3A94-4398-BE4C-CEBA8E4EC927}
	EndGlobalSection
EndGlobal
